
Microsoft Visual Studio Solution File, Format Version 12.00
# Visual Studio Version 17
VisualStudioVersion = 17.13.35818.85 d17.13
MinimumVisualStudioVersion = 10.0.40219.1
Project("{FAE04EC0-301F-11D3-BF4B-00C04F79EFBC}") = "LibrarieModele", "LibrarieModele\LibrarieModele.csproj", "{37ECCA8A-4803-4148-9B1C-3213E075DF12}"
EndProject
Global
	GlobalSection(SolutionConfigurationPlatforms) = preSolution
		Debug|Any CPU = Debug|Any CPU
		Release|Any CPU = Release|Any CPU
	EndGlobalSection
	GlobalSection(ProjectConfigurationPlatforms) = postSolution
		{37ECCA8A-4803-4148-9B1C-3213E075DF12}.Debug|Any CPU.ActiveCfg = Debug|Any CPU
		{37ECCA8A-4803-4148-9B1C-3213E075DF12}.Debug|Any CPU.Build.0 = Debug|Any CPU
		{37ECCA8A-4803-4148-9B1C-3213E075DF12}.Release|Any CPU.ActiveCfg = Release|Any CPU
		{37ECCA8A-4803-4148-9B1C-3213E075DF12}.Release|Any CPU.Build.0 = Release|Any CPU
	EndGlobalSection
	GlobalSection(SolutionProperties) = preSolution
		HideSolutionNode = FALSE
	EndGlobalSection
	GlobalSection(ExtensibilityGlobals) = postSolution
		SolutionGuid = {FD53EA1B-DFAB-4990-91ED-B7B5D287FD86}
	EndGlobalSection
EndGlobal
